
Microsoft Visual Studio Solution File, Format Version 12.00
# Visual Studio Version 17
VisualStudioVersion = 17.0.32112.339
MinimumVisualStudioVersion = 10.0.40219.1
Project("{8BC9CEB8-8B4A-11D0-8D11-00A0C91BC942}") = "Task01", "Task01\Task01.vcxproj", "{88888C2D-F5C4-44FD-B636-D686A978DDEC}"
EndProject
Global
	GlobalSection(SolutionConfigurationPlatforms) = preSolution
		Debug|x64 = Debug|x64
		Debug|x86 = Debug|x86
		Release|x64 = Release|x64
		Release|x86 = Release|x86
	EndGlobalSection
	GlobalSection(ProjectConfigurationPlatforms) = postSolution
		{88888C2D-F5C4-44FD-B636-D686A978DDEC}.Debug|x64.ActiveCfg = Debug|x64
		{88888C2D-F5C4-44FD-B636-D686A978DDEC}.Debug|x64.Build.0 = Debug|x64
		{88888C2D-F5C4-44FD-B636-D686A978DDEC}.Debug|x86.ActiveCfg = Debug|Win32
		{88888C2D-F5C4-44FD-B636-D686A978DDEC}.Debug|x86.Build.0 = Debug|Win32
		{88888C2D-F5C4-44FD-B636-D686A978DDEC}.Release|x64.ActiveCfg = Release|x64
		{88888C2D-F5C4-44FD-B636-D686A978DDEC}.Release|x64.Build.0 = Release|x64
		{88888C2D-F5C4-44FD-B636-D686A978DDEC}.Release|x86.ActiveCfg = Release|Win32
		{88888C2D-F5C4-44FD-B636-D686A978DDEC}.Release|x86.Build.0 = Release|Win32
	EndGlobalSection
	GlobalSection(SolutionProperties) = preSolution
		HideSolutionNode = FALSE
	EndGlobalSection
	GlobalSection(ExtensibilityGlobals) = postSolution
		SolutionGuid = {0340C837-A8D9-4E8C-85A6-5F291D3E2D50}
	EndGlobalSection
EndGlobal
